
Microsoft Visual Studio Solution File, Format Version 12.00
# Visual Studio Version 17
VisualStudioVersion = 17.11.35222.181
MinimumVisualStudioVersion = 10.0.40219.1
Project("{FAE04EC0-301F-11D3-BF4B-00C04F79EFBC}") = "TaskTrackerCLI", "TaskTrackerCLI\TaskTrackerCLI.csproj", "{435C3EA5-67A5-403E-B479-513B9B0A0BCF}"
EndProject
Global
	GlobalSection(SolutionConfigurationPlatforms) = preSolution
		Debug|Any CPU = Debug|Any CPU
		Release|Any CPU = Release|Any CPU
	EndGlobalSection
	GlobalSection(ProjectConfigurationPlatforms) = postSolution
		{435C3EA5-67A5-403E-B479-513B9B0A0BCF}.Debug|Any CPU.ActiveCfg = Debug|Any CPU
		{435C3EA5-67A5-403E-B479-513B9B0A0BCF}.Debug|Any CPU.Build.0 = Debug|Any CPU
		{435C3EA5-67A5-403E-B479-513B9B0A0BCF}.Release|Any CPU.ActiveCfg = Release|Any CPU
		{435C3EA5-67A5-403E-B479-513B9B0A0BCF}.Release|Any CPU.Build.0 = Release|Any CPU
	EndGlobalSection
	GlobalSection(SolutionProperties) = preSolution
		HideSolutionNode = FALSE
	EndGlobalSection
	GlobalSection(ExtensibilityGlobals) = postSolution
		SolutionGuid = {F5436DEA-8CAB-49C9-B4F6-FEA683C3E1E4}
	EndGlobalSection
EndGlobal
